version = 1
revision = 3
requires-python = ">=3.14"

[manifest]
members = [
    "zyp-cerberus",
    "zyplux-cerberus",
]

[[package]]
name = "annotated-doc"
version = "0.0.4"
source = { registry = "https://pypi.org/simple" }
sdist = { url = "https://files.pythonhosted.org/packages/57/ba/046ceea27344560984e26a590f90bc7f4a75b06701f653222458922b558c/annotated_doc-0.0.4.tar.gz", hash = "sha256:fbcda96e87e9c92ad167c2e53839e57503ecfda18804ea28102353485033faa4", size = 7288, upload-time = "2025-11-10T22:07:42.062Z" }
wheels = [
    { url = "https://files.pythonhosted.org/packages/1e/d3/26bf1008eb3d2daa8ef4cacc7f3bfdc11818d111f7e2d0201bc6e3b49d45/annotated_doc-0.0.4-py3-none-any.whl", hash = "sha256:571ac1dc6991c450b25a9c2d84a3705e2ae7a53467b5d111c24fa8baabbed320", size = 5303, upload-time = "2025-11-10T22:07:40.673Z" },
]

[[package]]
name = "colorama"
version = "0.4.6"
source = { registry = "https://pypi.org/simple" }
sdist = { url = "https://files.pythonhosted.org/packages/d8/53/6f443c9a4a8358a93a6792e2acffb9d9d5cb0a5cfd8802644b7b1c9a02e4/colorama-0.4.6.tar.gz", hash = "sha256:08695f5cb7ed6e0531a20572697297273c47b8cae5a63ffc6d6ed5c201be6e44", size = 27697, upload-time = "2022-10-25T02:36:22.414Z" }
wheels = [
    { url = "https://files.pythonhosted.org/packages/d1/d6/3965ed04c63042e047cb6a3e6ed1a63a35087b6a609aa3a15ed8ac56c221/colorama-0.4.6-py2.py3-none-any.whl", hash = "sha256:4f1d9991f5acc0ca119f9d443620b77f9d6b33703e51011c16baf57afb285fc6", size = 25335, upload-time = "2022-10-25T02:36:20.889Z" },
]

[[package]]
name = "iniconfig"
version = "2.3.0"
source = { registry = "https://pypi.org/simple" }
sdist = { url = "https://files.pythonhosted.org/packages/72/34/14ca021ce8e5dfedc35312d08ba8bf51fdd999c576889fc2c24cb97f4f10/iniconfig-2.3.0.tar.gz", hash = "sha256:c76315c77db068650d49c5b56314774a7804df16fee4402c1f19d6d15d8c4730", size = 20503, upload-time = "2025-10-18T21:55:43.219Z" }
wheels = [
    { url = "https://files.pythonhosted.org/packages/cb/b1/3846dd7f199d53cb17f49cba7e651e9ce294d8497c8c150530ed11865bb8/iniconfig-2.3.0-py3-none-any.whl", hash = "sha256:f631c04d2c48c52b84d0d0549c99ff3859c98df65b3101406327ecc7d53fbf12", size = 7484, upload-time = "2025-10-18T21:55:41.639Z" },
]

[[package]]
name = "markdown-it-py"
version = "4.2.0"
source = { registry = "https://pypi.org/simple" }
dependencies = [
    { name = "mdurl" },
]
sdist = { url = "https://files.pythonhosted.org/packages/06/ff/7841249c247aa650a76b9ee4bbaeae59370dc8bfd2f6c01f3630c35eb134/markdown_it_py-4.2.0.tar.gz", hash = "sha256:04a21681d6fbb623de53f6f364d352309d4094dd4194040a10fd51833e418d49", size = 82454, upload-time = "2026-05-07T12:08:28.36Z" }
wheels = [
    { url = "https://files.pythonhosted.org/packages/b3/81/4da04ced5a082363ecfa159c010d200ecbd959ae410c10c0264a38cac0f5/markdown_it_py-4.2.0-py3-none-any.whl", hash = "sha256:9f7ebbcd14fe59494226453aed97c1070d83f8d24b6fc3a3bcf9a38092641c4a", size = 91687, upload-time = "2026-05-07T12:08:27.182Z" },
]

[[package]]
name = "mdurl"
version = "0.1.2"
source = { registry = "https://pypi.org/simple" }
sdist = { url = "https://files.pythonhosted.org/packages/d6/54/cfe61301667036ec958cb99bd3efefba235e65cdeb9c84d24a8293ba1d90/mdurl-0.1.2.tar.gz", hash = "sha256:bb413d29f5eea38f31dd4754dd7377d4465116fb207585f97bf925588687c1ba", size = 8729, upload-time = "2022-08-14T12:40:10.846Z" }
wheels = [
    { url = "https://files.pythonhosted.org/packages/b3/38/89ba8ad64ae25be8de66a6d463314cf1eb366222074cfda9ee839c56a4b4/mdurl-0.1.2-py3-none-any.whl", hash = "sha256:84008a41e51615a49fc9966191ff91509e3c40b939176e643fd50a5c2196b8f8", size = 9979, upload-time = "2022-08-14T12:40:09.779Z" },
]

[[package]]
name = "packaging"
version = "26.2"
source = { registry = "https://pypi.org/simple" }
sdist = { url = "https://files.pythonhosted.org/packages/d7/f1/e7a6dd94a8d4a5626c03e4e99c87f241ba9e350cd9e6d75123f992427270/packaging-26.2.tar.gz", hash = "sha256:ff452ff5a3e828ce110190feff1178bb1f2ea2281fa2075aadb987c2fb221661", size = 228134, upload-time = "2026-04-24T20:15:23.917Z" }
wheels = [
    { url = "https://files.pythonhosted.org/packages/df/b2/87e62e8c3e2f4b32e5fe99e0b86d576da1312593b39f47d8ceef365e95ed/packaging-26.2-py3-none-any.whl", hash = "sha256:5fc45236b9446107ff2415ce77c807cee2862cb6fac22b8a73826d0693b0980e", size = 100195, upload-time = "2026-04-24T20:15:22.081Z" },
]

[[package]]
name = "pluggy"
version = "1.6.0"
source = { registry = "https://pypi.org/simple" }
sdist = { url = "https://files.pythonhosted.org/packages/f9/e2/3e91f31a7d2b083fe6ef3fa267035b518369d9511ffab804f839851d2779/pluggy-1.6.0.tar.gz", hash = "sha256:7dcc130b76258d33b90f61b658791dede3486c3e6bfb003ee5c9bfb396dd22f3", size = 69412, upload-time = "2025-05-15T12:30:07.975Z" }
wheels = [
    { url = "https://files.pythonhosted.org/packages/54/20/4d324d65cc6d9205fabedc306948156824eb9f0ee1633355a8f7ec5c66bf/pluggy-1.6.0-py3-none-any.whl", hash = "sha256:e920276dd6813095e9377c0bc5566d94c932c33b27a3e3945d8389c374dd4746", size = 20538, upload-time = "2025-05-15T12:30:06.134Z" },
]

[[package]]
name = "pygments"
version = "2.20.0"
source = { registry = "https://pypi.org/simple" }
sdist = { url = "https://files.pythonhosted.org/packages/c3/b2/bc9c9196916376152d655522fdcebac55e66de6603a76a02bca1b6414f6c/pygments-2.20.0.tar.gz", hash = "sha256:6757cd03768053ff99f3039c1a36d6c0aa0b263438fcab17520b30a303a82b5f", size = 4955991, upload-time = "2026-03-29T13:29:33.898Z" }
wheels = [
    { url = "https://files.pythonhosted.org/packages/f4/7e/a72dd26f3b0f4f2bf1dd8923c85f7ceb43172af56d63c7383eb62b332364/pygments-2.20.0-py3-none-any.whl", hash = "sha256:81a9e26dd42fd28a23a2d169d86d7ac03b46e2f8b59ed4698fb4785f946d0176", size = 1231151, upload-time = "2026-03-29T13:29:30.038Z" },
]

[[package]]
name = "pyrefly"
version = "1.0.0"
source = { registry = "https://pypi.org/simple" }
sdist = { url = "https://files.pythonhosted.org/packages/9f/3a/9045b0097ac58979c7c30a4fa0e673db942d4adbc7b6d439bd54ae58c441/pyrefly-1.0.0.tar.gz", hash = "sha256:5c2b810ffcebd84be71de5df1223651edee951653a66935c6f091e957c452455", size = 5677995, upload-time = "2026-05-12T20:12:46.812Z" }
wheels = [
    { url = "https://files.pythonhosted.org/packages/f4/c6/90788819bac9c61dd7bacba53b79f3c12d47ccbe5e51b3d6d89f2387e1d2/pyrefly-1.0.0-py3-none-macosx_10_12_x86_64.whl", hash = "sha256:e355a0908555348ed4b9585ef25c76ff566673e345c866c325f1633f44d890b6", size = 13122950, upload-time = "2026-05-12T20:12:20.711Z" },
    { url = "https://files.pythonhosted.org/packages/82/91/a3cf2a1e87d336eaa804a1e6fc93266faf6dc2a97eecdbc7eae289628022/pyrefly-1.0.0-py3-none-macosx_11_0_arm64.whl", hash = "sha256:a7038efc3a40f8294edee339895633cf22db268c0d434cdbcbefc34f78a9ecc3", size = 12599494, upload-time = "2026-05-12T20:12:23.495Z" },
    { url = "https://files.pythonhosted.org/packages/cd/ab/74d1e11e737e99b1c003ecc5d7d2e846c4ea1f328966bfdbbd0ac63fad0a/pyrefly-1.0.0-py3-none-manylinux_2_17_aarch64.manylinux2014_aarch64.whl", hash = "sha256:da331ca515ed1c08791da2b5f664cf9c1294c48fd802133262e7d5d51e0f4416", size = 12995507, upload-time = "2026-05-12T20:12:25.951Z" },
    { url = "https://files.pythonhosted.org/packages/7c/ac/2df0899f8464c97e5d995f994c97c5cb5b0f58610432aa90d26d924e1db5/pyrefly-1.0.0-py3-none-manylinux_2_17_i686.manylinux2014_i686.whl", hash = "sha256:c74219d8f3e63cdaa5501a0b21d1c9d37011820f9606728d0ed06f09ae86a878", size = 13947693, upload-time = "2026-05-12T20:12:29.188Z" },
    { url = "https://files.pythonhosted.org/packages/6b/3e/b247c24321e36f04b7d51f9ccf3df93e5009e4b29939524b36ec2e17dc2a/pyrefly-1.0.0-py3-none-manylinux_2_17_ppc64le.manylinux2014_ppc64le.whl", hash = "sha256:c0d05543b1bb6ee6d64149eb5d6b2fb15aa72d3962d6a97abca0afaca8b0c131", size = 13925803, upload-time = "2026-05-12T20:12:31.904Z" },
    { url = "https://files.pythonhosted.org/packages/61/16/cfa2d61a4aa1e1f7bca48bb37acd01c6a09db4864b16a54f9587092765ff/pyrefly-1.0.0-py3-none-manylinux_2_17_x86_64.manylinux2014_x86_64.whl", hash = "sha256:1382d5b1fcdb49a4de9f34d112d2bddf290a78ff93ee8149492ad5f1077ddffc", size = 13470398, upload-time = "2026-05-12T20:12:35.302Z" },
    { url = "https://files.pythonhosted.org/packages/cb/2b/6372c7dddb326223e24a46b17efd0d4bd7b4fe22c821e523157577eed2d2/pyrefly-1.0.0-py3-none-win32.whl", hash = "sha256:aa8b5d0e47080e3202a2547b39f7a5a61d2c781c712b3b67884f745ca2c759d2", size = 12222643, upload-time = "2026-05-12T20:12:38.618Z" },
    { url = "https://files.pythonhosted.org/packages/be/ad/1d23be700b6b2ddaeb362360c7145917a8edbbf7240ae428d40541772fce/pyrefly-1.0.0-py3-none-win_amd64.whl", hash = "sha256:c8abcb0f2082e83c890375128f9cff4aa4d3f210b85eea7b3046c1ae764e77f5", size = 13146369, upload-time = "2026-05-12T20:12:41.423Z" },
    { url = "https://files.pythonhosted.org/packages/8c/38/16589134f3012fd097a10dcc85771555f1a5fb76e04b682597180743af30/pyrefly-1.0.0-py3-none-win_arm64.whl", hash = "sha256:d150fa9e40e8392832be81c3bcfc0497c146674ce4d0f8e04e1ec29e775ffb8c", size = 12538326, upload-time = "2026-05-12T20:12:43.996Z" },
]

[[package]]
name = "pytest"
version = "9.1.0"
source = { registry = "https://pypi.org/simple" }
dependencies = [
    { name = "colorama", marker = "sys_platform == 'win32'" },
    { name = "iniconfig" },
    { name = "packaging" },
    { name = "pluggy" },
    { name = "pygments" },
]
sdist = { url = "https://files.pythonhosted.org/packages/84/0e/b5858858d74958632c49b72cb25a3976ff9f632397626715be71c89d3971/pytest-9.1.0.tar.gz", hash = "sha256:41dd9148c08072446394cefd3d79701701335a9f4cae69ba92e39f6c7f5c061c", size = 1634181, upload-time = "2026-06-13T18:52:45.983Z" }
wheels = [
    { url = "https://files.pythonhosted.org/packages/8b/5a/ba30a81239b909821b3153e303e7def45178bf353da4f72380e6c5e8793b/pytest-9.1.0-py3-none-any.whl", hash = "sha256:8ebb0e7888bdf2bdfc602ec51f8f62d50200af37356c74e503c79a94f5c81f32", size = 386453, upload-time = "2026-06-13T18:52:44.045Z" },
]

[[package]]
name = "pyyaml"
version = "6.0.3"
source = { registry = "https://pypi.org/simple" }
sdist = { url = "https://files.pythonhosted.org/packages/05/8e/961c0007c59b8dd7729d542c61a4d537767a59645b82a0b521206e1e25c2/pyyaml-6.0.3.tar.gz", hash = "sha256:d76623373421df22fb4cf8817020cbb7ef15c725b9d5e45f17e189bfc384190f", size = 130960, upload-time = "2025-09-25T21:33:16.546Z" }
wheels = [
    { url = "https://files.pythonhosted.org/packages/9d/8c/f4bd7f6465179953d3ac9bc44ac1a8a3e6122cf8ada906b4f96c60172d43/pyyaml-6.0.3-cp314-cp314-macosx_10_13_x86_64.whl", hash = "sha256:8d1fab6bb153a416f9aeb4b8763bc0f22a5586065f86f7664fc23339fc1c1fac", size = 181814, upload-time = "2025-09-25T21:32:35.712Z" },
    { url = "https://files.pythonhosted.org/packages/bd/9c/4d95bb87eb2063d20db7b60faa3840c1b18025517ae857371c4dd55a6b3a/pyyaml-6.0.3-cp314-cp314-macosx_11_0_arm64.whl", hash = "sha256:34d5fcd24b8445fadc33f9cf348c1047101756fd760b4dacb5c3e99755703310", size = 173809, upload-time = "2025-09-25T21:32:36.789Z" },
    { url = "https://files.pythonhosted.org/packages/92/b5/47e807c2623074914e29dabd16cbbdd4bf5e9b2db9f8090fa64411fc5382/pyyaml-6.0.3-cp314-cp314-manylinux2014_aarch64.manylinux_2_17_aarch64.manylinux_2_28_aarch64.whl", hash = "sha256:501a031947e3a9025ed4405a168e6ef5ae3126c59f90ce0cd6f2bfc477be31b7", size = 766454, upload-time = "2025-09-25T21:32:37.966Z" },
    { url = "https://files.pythonhosted.org/packages/02/9e/e5e9b168be58564121efb3de6859c452fccde0ab093d8438905899a3a483/pyyaml-6.0.3-cp314-cp314-manylinux2014_s390x.manylinux_2_17_s390x.manylinux_2_28_s390x.whl", hash = "sha256:b3bc83488de33889877a0f2543ade9f70c67d66d9ebb4ac959502e12de895788", size = 836355, upload-time = "2025-09-25T21:32:39.178Z" },
    { url = "https://files.pythonhosted.org/packages/88/f9/16491d7ed2a919954993e48aa941b200f38040928474c9e85ea9e64222c3/pyyaml-6.0.3-cp314-cp314-manylinux2014_x86_64.manylinux_2_17_x86_64.manylinux_2_28_x86_64.whl", hash = "sha256:c458b6d084f9b935061bc36216e8a69a7e293a2f1e68bf956dcd9e6cbcd143f5", size = 794175, upload-time = "2025-09-25T21:32:40.865Z" },
    { url = "https://files.pythonhosted.org/packages/dd/3f/5989debef34dc6397317802b527dbbafb2b4760878a53d4166579111411e/pyyaml-6.0.3-cp314-cp314-musllinux_1_2_aarch64.whl", hash = "sha256:7c6610def4f163542a622a73fb39f534f8c101d690126992300bf3207eab9764", size = 755228, upload-time = "2025-09-25T21:32:42.084Z" },
    { url = "https://files.pythonhosted.org/packages/d7/ce/af88a49043cd2e265be63d083fc75b27b6ed062f5f9fd6cdc223ad62f03e/pyyaml-6.0.3-cp314-cp314-musllinux_1_2_x86_64.whl", hash = "sha256:5190d403f121660ce8d1d2c1bb2ef1bd05b5f68533fc5c2ea899bd15f4399b35", size = 789194, upload-time = "2025-09-25T21:32:43.362Z" },
    { url = "https://files.pythonhosted.org/packages/23/20/bb6982b26a40bb43951265ba29d4c246ef0ff59c9fdcdf0ed04e0687de4d/pyyaml-6.0.3-cp314-cp314-win_amd64.whl", hash = "sha256:4a2e8cebe2ff6ab7d1050ecd59c25d4c8bd7e6f400f5f82b96557ac0abafd0ac", size = 156429, upload-time = "2025-09-25T21:32:57.844Z" },
    { url = "https://files.pythonhosted.org/packages/f4/f4/a4541072bb9422c8a883ab55255f918fa378ecf083f5b85e87fc2b4eda1b/pyyaml-6.0.3-cp314-cp314-win_arm64.whl", hash = "sha256:93dda82c9c22deb0a405ea4dc5f2d0cda384168e466364dec6255b293923b2f3", size = 143912, upload-time = "2025-09-25T21:32:59.247Z" },
    { url = "https://files.pythonhosted.org/packages/7c/f9/07dd09ae774e4616edf6cda684ee78f97777bdd15847253637a6f052a62f/pyyaml-6.0.3-cp314-cp314t-macosx_10_13_x86_64.whl", hash = "sha256:02893d100e99e03eda1c8fd5c441d8c60103fd175728e23e431db1b589cf5ab3", size = 189108, upload-time = "2025-09-25T21:32:44.377Z" },
    { url = "https://files.pythonhosted.org/packages/4e/78/8d08c9fb7ce09ad8c38ad533c1191cf27f7ae1effe5bb9400a46d9437fcf/pyyaml-6.0.3-cp314-cp314t-macosx_11_0_arm64.whl", hash = "sha256:c1ff362665ae507275af2853520967820d9124984e0f7466736aea23d8611fba", size = 183641, upload-time = "2025-09-25T21:32:45.407Z" },
    { url = "https://files.pythonhosted.org/packages/7b/5b/3babb19104a46945cf816d047db2788bcaf8c94527a805610b0289a01c6b/pyyaml-6.0.3-cp314-cp314t-manylinux2014_aarch64.manylinux_2_17_aarch64.manylinux_2_28_aarch64.whl", hash = "sha256:6adc77889b628398debc7b65c073bcb99c4a0237b248cacaf3fe8a557563ef6c", size = 831901, upload-time = "2025-09-25T21:32:48.83Z" },
    { url = "https://files.pythonhosted.org/packages/8b/cc/dff0684d8dc44da4d22a13f35f073d558c268780ce3c6ba1b87055bb0b87/pyyaml-6.0.3-cp314-cp314t-manylinux2014_s390x.manylinux_2_17_s390x.manylinux_2_28_s390x.whl", hash = "sha256:a80cb027f6b349846a3bf6d73b5e95e782175e52f22108cfa17876aaeff93702", size = 861132, upload-time = "2025-09-25T21:32:50.149Z" },
    { url = "https://files.pythonhosted.org/packages/b1/5e/f77dc6b9036943e285ba76b49e118d9ea929885becb0a29ba8a7c75e29fe/pyyaml-6.0.3-cp314-cp314t-manylinux2014_x86_64.manylinux_2_17_x86_64.manylinux_2_28_x86_64.whl", hash = "sha256:00c4bdeba853cc34e7dd471f16b4114f4162dc03e6b7afcc2128711f0eca823c", size = 839261, upload-time = "2025-09-25T21:32:51.808Z" },
    { url = "https://files.pythonhosted.org/packages/ce/88/a9db1376aa2a228197c58b37302f284b5617f56a5d959fd1763fb1675ce6/pyyaml-6.0.3-cp314-cp314t-musllinux_1_2_aarch64.whl", hash = "sha256:66e1674c3ef6f541c35191caae2d429b967b99e02040f5ba928632d9a7f0f065", size = 805272, upload-time = "2025-09-25T21:32:52.941Z" },
    { url = "https://files.pythonhosted.org/packages/da/92/1446574745d74df0c92e6aa4a7b0b3130706a4142b2d1a5869f2eaa423c6/pyyaml-6.0.3-cp314-cp314t-musllinux_1_2_x86_64.whl", hash = "sha256:16249ee61e95f858e83976573de0f5b2893b3677ba71c9dd36b9cf8be9ac6d65", size = 829923, upload-time = "2025-09-25T21:32:54.537Z" },
    { url = "https://files.pythonhosted.org/packages/f0/7a/1c7270340330e575b92f397352af856a8c06f230aa3e76f86b39d01b416a/pyyaml-6.0.3-cp314-cp314t-win_amd64.whl", hash = "sha256:4ad1906908f2f5ae4e5a8ddfce73c320c2a1429ec52eafd27138b7f1cbe341c9", size = 174062, upload-time = "2025-09-25T21:32:55.767Z" },
    { url = "https://files.pythonhosted.org/packages/f1/12/de94a39c2ef588c7e6455cfbe7343d3b2dc9d6b6b2f40c4c6565744c873d/pyyaml-6.0.3-cp314-cp314t-win_arm64.whl", hash = "sha256:ebc55a14a21cb14062aa4162f906cd962b28e2e9ea38f9b4391244cd8de4ae0b", size = 149341, upload-time = "2025-09-25T21:32:56.828Z" },
]

[[package]]
name = "rich"
version = "15.0.0"
source = { registry = "https://pypi.org/simple" }
dependencies = [
    { name = "markdown-it-py" },
    { name = "pygments" },
]
sdist = { url = "https://files.pythonhosted.org/packages/c0/8f/0722ca900cc807c13a6a0c696dacf35430f72e0ec571c4275d2371fca3e9/rich-15.0.0.tar.gz", hash = "sha256:edd07a4824c6b40189fb7ac9bc4c52536e9780fbbfbddf6f1e2502c31b068c36", size = 230680, upload-time = "2026-04-12T08:24:00.75Z" }
wheels = [
    { url = "https://files.pythonhosted.org/packages/82/3b/64d4899d73f91ba49a8c18a8ff3f0ea8f1c1d75481760df8c68ef5235bf5/rich-15.0.0-py3-none-any.whl", hash = "sha256:33bd4ef74232fb73fe9279a257718407f169c09b78a87ad3d296f548e27de0bb", size = 310654, upload-time = "2026-04-12T08:24:02.83Z" },
]

[[package]]
name = "ruff"
version = "0.15.17"
source = { registry = "https://pypi.org/simple" }
sdist = { url = "https://files.pythonhosted.org/packages/8c/a9/3abdf488f1bf3d24c699415e454ed554a6350d5d89ce183be1ee0a3361ac/ruff-0.15.17.tar.gz", hash = "sha256:2ec446937fd16c8c4de2674a209cc5af64d9c6f17d21fbf1151054fa0bcf5219", size = 4743346, upload-time = "2026-06-11T17:54:47.663Z" }
wheels = [
    { url = "https://files.pythonhosted.org/packages/db/4d/e11259f5da07cb6afb2d074c31bf09da9671993f7329d4f15d2fdc458301/ruff-0.15.17-py3-none-linux_armv6l.whl", hash = "sha256:d9feddb927fc68bd295f5eebc587a7e42cfaf9b65f60ca4a2386febff575da8f", size = 10856677, upload-time = "2026-06-11T17:54:49.533Z" },
    { url = "https://files.pythonhosted.org/packages/29/3e/772d679e1a0dc058e58875bd2c0cb713a0530877b4a76fee3c7966df0d49/ruff-0.15.17-py3-none-macosx_10_12_x86_64.whl", hash = "sha256:25805a226d741c47d274a35ad5c10a7dde175fcddfa511d7cf3da0a21eb3eab7", size = 11223443, upload-time = "2026-06-11T17:55:00.573Z" },
    { url = "https://files.pythonhosted.org/packages/68/58/bd41f7688b2fd5623012605130ed70e60aa7f2244baa3d5066bdd61530c8/ruff-0.15.17-py3-none-macosx_11_0_arm64.whl", hash = "sha256:f6ad73b14c2d18a3bf8ad7cb6974294d7f613a7898604826058e6ac64918ef4d", size = 10566458, upload-time = "2026-06-11T17:55:07.52Z" },
    { url = "https://files.pythonhosted.org/packages/d8/5b/733371013fcf1ec339e477ece6ab42bfe10bdd9bba8ee88a9516aa56bfc0/ruff-0.15.17-py3-none-manylinux_2_17_aarch64.manylinux2014_aarch64.whl", hash = "sha256:6ba0c1e4f95bcb3869d0d30cbd5917071ef2e28665abfec970cdab0492c713ed", size = 10914483, upload-time = "2026-06-11T17:55:05.501Z" },
    { url = "https://files.pythonhosted.org/packages/bd/cc/6f24251cc0252f7239391ccb85833f320efad14ebe5b443943f37ced6332/ruff-0.15.17-py3-none-manylinux_2_17_armv7l.manylinux2014_armv7l.whl", hash = "sha256:81647960f10bff57d2e51cadd0c3950fe598400c852863a038720ef5b8cca91e", size = 10647497, upload-time = "2026-06-11T17:54:57.733Z" },
    { url = "https://files.pythonhosted.org/packages/68/dd/0d10c17ce1a1624d6fc3156309c3f834fdb5dfaad026ec90c85684f3990e/ruff-0.15.17-py3-none-manylinux_2_17_i686.manylinux2014_i686.whl", hash = "sha256:0e01a84ddbc8c16c23055ba3924476850f1bbc1917cebbb9376665a63e74260d", size = 11416967, upload-time = "2026-06-11T17:54:51.461Z" },
    { url = "https://files.pythonhosted.org/packages/2f/91/556bfb156f6144f355e831c23db00b2fc4120f86b3ce81cc5f7fd2df51f3/ruff-0.15.17-py3-none-manylinux_2_17_ppc64le.manylinux2014_ppc64le.whl", hash = "sha256:84fe9f653152f8f294f9f7e03bf3a453d8b4a27f7a59c78c8666167f2b17b96c", size = 12335770, upload-time = "2026-06-11T17:54:45.793Z" },
    { url = "https://files.pythonhosted.org/packages/88/82/8b5999aa13355e926f06d9f42a32dcca862f623bf0363785ff89d607dffd/ruff-0.15.17-py3-none-manylinux_2_17_s390x.manylinux2014_s390x.whl", hash = "sha256:8c0fe88a7676e7a05b73174d4d4a59cb2ac21ff8263583f87a81a6018475a978", size = 11575441, upload-time = "2026-06-11T17:54:32.661Z" },
    { url = "https://files.pythonhosted.org/packages/11/93/f10377bb04109ca0e8cbc483ff1982c54b6d418210041776f93e8cdc7fa9/ruff-0.15.17-py3-none-manylinux_2_17_x86_64.manylinux2014_x86_64.whl", hash = "sha256:ecfc3c7878fff94633ab0348524e093f9ce3243080416dd7d14f8ba400174719", size = 11557614, upload-time = "2026-06-11T17:54:34.698Z" },
    { url = "https://files.pythonhosted.org/packages/c7/a6/eeeae7f7d5493df41649ab3db92f086b2d0a30199e4efdf8e3dd7a033f24/ruff-0.15.17-py3-none-manylinux_2_31_riscv64.whl", hash = "sha256:b8461180b22420b1bdc289909410930761629fddf2a5aaf60fae1ab26cedc4c4", size = 11544450, upload-time = "2026-06-11T17:54:39.042Z" },
    { url = "https://files.pythonhosted.org/packages/32/88/5991ce565129a24dd4a00db1254b3b5db2e53018cbe4018ea5a89738e727/ruff-0.15.17-py3-none-musllinux_1_2_aarch64.whl", hash = "sha256:6eccbe50a038b503e7140b441aa9c7fc8c1f36edf23ebef9f4165c2f28f568b7", size = 10892524, upload-time = "2026-06-11T17:55:09.432Z" },
    { url = "https://files.pythonhosted.org/packages/f5/1d/0fdd248313425f55223968af04b0a42125466a8d88d21c1d99c6af0a51e8/ruff-0.15.17-py3-none-musllinux_1_2_armv7l.whl", hash = "sha256:382fc0521025f5a8ad447d8bdd523545d0d7646adb718eb1c2dac5065ec27c0f", size = 10659573, upload-time = "2026-06-11T17:54:36.824Z" },
    { url = "https://files.pythonhosted.org/packages/9e/0e/072e8260deb9461062ce9311ced27a8e541229a6ffd483013dd37661e43e/ruff-0.15.17-py3-none-musllinux_1_2_i686.whl", hash = "sha256:456d41fcd1b2777ad63f09a6e7121d43f7b688bbc76a800c10f7f8fb1f912c3f", size = 11127818, upload-time = "2026-06-11T17:55:03.124Z" },
    { url = "https://files.pythonhosted.org/packages/ab/b4/55060a34163121498014696b5f656db5b8c6963768f227dbf0d76b311073/ruff-0.15.17-py3-none-musllinux_1_2_x86_64.whl", hash = "sha256:b1a04bcc94ae6194e9db05d16ad31f298a7194bfbcb08258bbe589cee1d587b8", size = 11655901, upload-time = "2026-06-11T17:54:53.562Z" },
    { url = "https://files.pythonhosted.org/packages/49/71/9b29d6b87cef468d697f43c6a91e3fae4a80185779d7d5a4ef27d173439f/ruff-0.15.17-py3-none-win32.whl", hash = "sha256:596065960ab1ff593f744220c9fe6580eda00a95003cffa9f4048bb5b1bf0392", size = 10925574, upload-time = "2026-06-11T17:54:55.723Z" },
    { url = "https://files.pythonhosted.org/packages/3d/b2/8fc77f3723228836fa5d12497eb71c808f83782e10d058d2b15cfa14640b/ruff-0.15.17-py3-none-win_amd64.whl", hash = "sha256:6769e5fa1710b179b92e0bfa5a51735b35baea9013dadb06d5f44cbcf9547084", size = 12058788, upload-time = "2026-06-11T17:54:41.042Z" },
    { url = "https://files.pythonhosted.org/packages/2d/c7/c53e8dbff9c9dc4b7928773421ae294a5d28fcb8dcda1a089579d3a7e510/ruff-0.15.17-py3-none-win_arm64.whl", hash = "sha256:f3be1fbb34bcdfd146240d8fb92a709d4c2c8191348580a3c044ec60fa0b4456", size = 11355275, upload-time = "2026-06-11T17:54:43.635Z" },
]

[[package]]
name = "rumdl"
version = "0.2.16"
source = { registry = "https://pypi.org/simple" }
sdist = { url = "https://files.pythonhosted.org/packages/4a/96/a3702e902142a558d9cd36fe125cb1692639ff136823450685562efb3642/rumdl-0.2.16.tar.gz", hash = "sha256:c5ca430dbf25786c95bf17dbaf6022d7c0e656598474e6620677c4d3cb0a3881", size = 2729885, upload-time = "2026-06-13T10:06:04.313Z" }
wheels = [
    { url = "https://files.pythonhosted.org/packages/f2/6d/64849868f94596ab23742e17a4263d86107ddeb80ff4efb445978361a667/rumdl-0.2.16-py3-none-macosx_10_12_x86_64.whl", hash = "sha256:fb68217f8dae458cec1171fe80fc5133ff588242e0d6fd12960dea02eda94b39", size = 5576342, upload-time = "2026-06-13T10:05:56.972Z" },
    { url = "https://files.pythonhosted.org/packages/77/56/4134aec3e46704663be4d982373d24402f153ec17b2f4b5c331fce1da0b5/rumdl-0.2.16-py3-none-macosx_11_0_arm64.whl", hash = "sha256:11f52cf297de9bbaec362d6b235356104695da9ef2c2975d60c11ee75ad047a1", size = 5172940, upload-time = "2026-06-13T10:05:51Z" },
    { url = "https://files.pythonhosted.org/packages/09/92/26b9e57126cdf3b10081a6c729c85d6dadb11fc5cc21a3c09927827a78cd/rumdl-0.2.16-py3-none-manylinux_2_28_aarch64.whl", hash = "sha256:c2d6e811d766bc74ff4bd67293fc2f3270dad1f7b60912c757343dcca2d57bb2", size = 5401329, upload-time = "2026-06-13T10:05:53.024Z" },
    { url = "https://files.pythonhosted.org/packages/d7/78/324b61116245abc74d71de4d79b1bb6b6ccf8e6780f4b7368df7f8fef24a/rumdl-0.2.16-py3-none-manylinux_2_28_x86_64.whl", hash = "sha256:c14347b3232ed9ce61bf1d7c97d9f9256dc75cf51e0f5fb448a187e0e4e75012", size = 5797423, upload-time = "2026-06-13T10:06:00.811Z" },
    { url = "https://files.pythonhosted.org/packages/9d/cc/69e4689a2fcf8dd06d4c4625a151e654937da6746628b8cae22b6817f636/rumdl-0.2.16-py3-none-musllinux_1_2_aarch64.whl", hash = "sha256:b0859dbbc466dcb7abaa7a980de606f597be61af29936ea36bb84e21ba70e372", size = 5399915, upload-time = "2026-06-13T10:05:54.85Z" },
    { url = "https://files.pythonhosted.org/packages/84/eb/93bde8b9a37abf5771699491c3ab9fa63261a142262d41ab5951c06fd14d/rumdl-0.2.16-py3-none-musllinux_1_2_x86_64.whl", hash = "sha256:0e63345389695ee3ca7d5f89d7430775f2273179d6126318980cadd3fd7c8aa7", size = 5796681, upload-time = "2026-06-13T10:06:02.805Z" },
    { url = "https://files.pythonhosted.org/packages/a3/ec/571fb815e9f06e5b2d3d7d84caaaf39aa3841ea0d30c9f85fad6b1515e3f/rumdl-0.2.16-py3-none-win_amd64.whl", hash = "sha256:cc2b1408ac98dbea6681507da4552cc2237d82b705ac48f89b57aaa632c9ed62", size = 5873130, upload-time = "2026-06-13T10:05:58.676Z" },
]

[[package]]
name = "rust-just"
version = "1.53.0"
source = { registry = "https://pypi.org/simple" }
sdist = { url = "https://files.pythonhosted.org/packages/62/f4/0f435231a31e9d90b661e2429046471153b5f31c7457e24fc5fb4f80672e/rust_just-1.53.0.tar.gz", hash = "sha256:3c8b3c69867094dfd9fd26ce5fb895d4e05361a816bc30d9d63c5bd765065d86", size = 1948355, upload-time = "2026-06-17T04:49:53.23Z" }
wheels = [
    { url = "https://files.pythonhosted.org/packages/c5/2e/174eb6591ac9cfd1ccea425b766a7db88a09a582353453105d3cc2655f7c/rust_just-1.53.0-py3-none-macosx_10_12_x86_64.whl", hash = "sha256:5c3c4bfb098113eece8508d648af6011c3ef138ae3301341de7a906cdf21f181", size = 2147463, upload-time = "2026-06-17T04:49:45.633Z" },
    { url = "https://files.pythonhosted.org/packages/3c/4c/01ddee01d1350c35d0ce7e1cf3dbfcb16c434ff97c84031bec3cb2458b28/rust_just-1.53.0-py3-none-macosx_11_0_arm64.whl", hash = "sha256:32132387b1b38653dfda09769bfd49686c181bbf6bf4c8a300cbd48d4441e012", size = 2001905, upload-time = "2026-06-17T04:49:47.085Z" },
    { url = "https://files.pythonhosted.org/packages/55/1f/2bf20c7295064e07cfada9156a7dc82b7f8f66a8d898341a223edc1cc1ec/rust_just-1.53.0-py3-none-manylinux_2_17_aarch64.manylinux2014_aarch64.whl", hash = "sha256:54b0a8267192c4bce19422435575416980f0b8a09835f81dfe9e60675daf882b", size = 2109911, upload-time = "2026-06-17T04:49:36.032Z" },
    { url = "https://files.pythonhosted.org/packages/59/c1/41ddce909c7428732ab3986b20529615f0d648d57e3eb2e06eb8b09ebc6a/rust_just-1.53.0-py3-none-manylinux_2_17_armv7l.manylinux2014_armv7l.whl", hash = "sha256:49f20b986a8b35683a31a2fe3e648106cc2bccd68903e7ded831ebbb588f2109", size = 2073105, upload-time = "2026-06-17T04:49:50.205Z" },
    { url = "https://files.pythonhosted.org/packages/6d/f4/8e47e2dfa956a2a307ee4d083bd021140ecbdf86e41b2bf5f83e4f23c846/rust_just-1.53.0-py3-none-manylinux_2_17_i686.manylinux2014_i686.whl", hash = "sha256:9aa3f91ea8204e0a2b8e66fbbcac3b6803b44433d1464d2e0bc21e9d94f52dfb", size = 2270649, upload-time = "2026-06-17T04:49:48.68Z" },
    { url = "https://files.pythonhosted.org/packages/c9/53/bc25630da2cfa0817f9cc080ab4c7df883c9351844a3cc87800852357e90/rust_just-1.53.0-py3-none-manylinux_2_17_ppc64le.manylinux2014_ppc64le.whl", hash = "sha256:12f9004ad1322674318924effaa9723acd5f32ae1adf27d21f933cb4d1d3cfa2", size = 2369265, upload-time = "2026-06-17T04:49:51.705Z" },
    { url = "https://files.pythonhosted.org/packages/ca/9f/f2e50a597697f73c7458ba8e4649371ae71485f569e5a068e9701740729a/rust_just-1.53.0-py3-none-manylinux_2_17_s390x.manylinux2014_s390x.whl", hash = "sha256:c89fb181a15a0c23313756231256bf9ff19225d3e976c9556cba84f3bb58940d", size = 2347980, upload-time = "2026-06-17T04:49:34.702Z" },
    { url = "https://files.pythonhosted.org/packages/27/ec/527f2a0c84f297f568a3e6bed4a112d7664a806c1582957b44df5171461d/rust_just-1.53.0-py3-none-manylinux_2_17_x86_64.manylinux2014_x86_64.whl", hash = "sha256:7706849bd5eaad713504872aa22587f5412e5e3bbc6f7a522ba0f8ad9802cf97", size = 2266001, upload-time = "2026-06-17T04:49:41.191Z" },
    { url = "https://files.pythonhosted.org/packages/16/a4/35d99e434ff9f4f029ad020be993219c07e820d60199348f8d600f053662/rust_just-1.53.0-py3-none-manylinux_2_31_riscv64.whl", hash = "sha256:2cafa0186bfb856e5d22e4286a1d6ca4bcb1cd846da4c1bdf3b3bea5f980771a", size = 2118672, upload-time = "2026-06-17T04:49:54.437Z" },
    { url = "https://files.pythonhosted.org/packages/0f/31/5a185395feccaf4be3aae80b1fa8d3801d472879ccd183f1809abe46314f/rust_just-1.53.0-py3-none-musllinux_1_2_aarch64.whl", hash = "sha256:2abb6446d3ee48b58a1c170259c28c216944e984f453bd996ac7141b3f5ffcc5", size = 2115687, upload-time = "2026-06-17T04:49:55.775Z" },
    { url = "https://files.pythonhosted.org/packages/ae/a2/6f03398460e66b49138344be84c5b5b617b074e93d905742f664c4f1f0c4/rust_just-1.53.0-py3-none-musllinux_1_2_armv7l.whl", hash = "sha256:ea024a457f6d42d2ba1a02e9bd6d3ad1702a7f79da95f08f3265d842af08da56", size = 2091890, upload-time = "2026-06-17T04:49:42.483Z" },
    { url = "https://files.pythonhosted.org/packages/1b/0a/9f869e1c11068f474e0f542e1c749e80c465bf3f6bac01ec5e23441c72c0/rust_just-1.53.0-py3-none-musllinux_1_2_i686.whl", hash = "sha256:1e3cac1b1064cf74f59378a47e6d44107207ca9dd1f1a4b3d7b7efdd7cf06de7", size = 2241457, upload-time = "2026-06-17T04:49:44.2Z" },
    { url = "https://files.pythonhosted.org/packages/da/eb/df498cd0f109c4d280f929aa6f4520ca62407d6f9e17fba77889b11eba0c/rust_just-1.53.0-py3-none-musllinux_1_2_riscv64.whl", hash = "sha256:770c1ee093c7c54fe09d2e3c46da42c404d1424b31030e32cc6f06c4b429b94e", size = 2291336, upload-time = "2026-06-17T04:49:37.416Z" },
    { url = "https://files.pythonhosted.org/packages/9c/a8/d1c8376dc294e0813469e1776ed61d768774c93d3fa733edb38ee16cfcc0/rust_just-1.53.0-py3-none-musllinux_1_2_x86_64.whl", hash = "sha256:248d66189160fcfcc9080526b501a3bffffd92d536170499bf265ca3f954a382", size = 2339965, upload-time = "2026-06-17T04:49:39.907Z" },
    { url = "https://files.pythonhosted.org/packages/15/59/9694f60f84813beefaf9373d2fcc787eb4861d1ac768a63dfda8dc76a338/rust_just-1.53.0-py3-none-win32.whl", hash = "sha256:1ff2a2ccb81d8eacd2461e94d4080ba02bdecb4a82e1a932473894f29d794f1c", size = 2013843, upload-time = "2026-06-17T04:49:38.604Z" },
    { url = "https://files.pythonhosted.org/packages/7a/1d/b6a27d643db16903da0fefc53290dd8a7470fc0532d5c658fb5e18209d25/rust_just-1.53.0-py3-none-win_amd64.whl", hash = "sha256:a9750a38943b3add9abcee22d3f33a6b820313c597a9011d17c2ed5c7b14e320", size = 2224646, upload-time = "2026-06-17T04:49:32.774Z" },
]

[[package]]
name = "shellingham"
version = "1.5.4"
source = { registry = "https://pypi.org/simple" }
sdist = { url = "https://files.pythonhosted.org/packages/58/15/8b3609fd3830ef7b27b655beb4b4e9c62313a4e8da8c676e142cc210d58e/shellingham-1.5.4.tar.gz", hash = "sha256:8dbca0739d487e5bd35ab3ca4b36e11c4078f3a234bfce294b0a0291363404de", size = 10310, upload-time = "2023-10-24T04:13:40.426Z" }
wheels = [
    { url = "https://files.pythonhosted.org/packages/e0/f9/0595336914c5619e5f28a1fb793285925a8cd4b432c9da0a987836c7f822/shellingham-1.5.4-py2.py3-none-any.whl", hash = "sha256:7ecfff8f2fd72616f7481040475a65b2bf8af90a56c89140852d1120324e8686", size = 9755, upload-time = "2023-10-24T04:13:38.866Z" },
]

[[package]]
name = "typer"
version = "0.26.7"
source = { registry = "https://pypi.org/simple" }
dependencies = [
    { name = "annotated-doc" },
    { name = "colorama", marker = "sys_platform == 'win32'" },
    { name = "rich" },
    { name = "shellingham" },
]
sdist = { url = "https://files.pythonhosted.org/packages/5e/ed/ef06584ccdd5c410df0837951ecd7e15d9a6144ea1bd4c73cecab1a89891/typer-0.26.7.tar.gz", hash = "sha256:e314a34c617e419c091b2830dda3ea1f257134ff593061a8f5b9717ab8dddb3a", size = 201709, upload-time = "2026-06-03T07:18:06.843Z" }
wheels = [
    { url = "https://files.pythonhosted.org/packages/24/25/2201973529af2c954de0bb725323c3aaed6d7f0ceee8f550dec9185df013/typer-0.26.7-py3-none-any.whl", hash = "sha256:5c87cfbc5d34491c5346ebf49c23e18d56ccb863268d3a8d592b26087c2f5e58", size = 122456, upload-time = "2026-06-03T07:18:05.732Z" },
]

[[package]]
name = "types-pyyaml"
version = "6.0.12.20260518"
source = { registry = "https://pypi.org/simple" }
sdist = { url = "https://files.pythonhosted.org/packages/b8/83/4a1afc3fbfcf5b8d46fc390cd95ed6b0dc9010a265f4e9f46314efffa37a/types_pyyaml-6.0.12.20260518.tar.gz", hash = "sha256:d917f83fb38462550338c1297faedd860b3ec83912b96b1e3d73255f7473e466", size = 17850, upload-time = "2026-05-18T06:01:58.675Z" }
wheels = [
    { url = "https://files.pythonhosted.org/packages/06/a2/c01db32be2ae7d6a1689972f3c492b149ee4e164b12fdfd9f64b50888215/types_pyyaml-6.0.12.20260518-py3-none-any.whl", hash = "sha256:d2150f75a231c9fe9c7463bd29487d93e60bac90400287351384bc2284eba7cd", size = 20312, upload-time = "2026-05-18T06:01:57.368Z" },
]

[[package]]
name = "vulture"
version = "2.16"
source = { registry = "https://pypi.org/simple" }
sdist = { url = "https://files.pythonhosted.org/packages/66/3e/4d08c5903b2c0c70cad583c170cc4a663fc6a61e2ad00b711fcda61358cd/vulture-2.16.tar.gz", hash = "sha256:f8d9f6e2af03011664a3c6c240c9765b3f392917d3135fddca6d6a68d359f717", size = 52680, upload-time = "2026-03-25T14:41:27.141Z" }
wheels = [
    { url = "https://files.pythonhosted.org/packages/f5/be/f935130312330614811dae2ea9df3f395f6d63889eb6c2e68c14507152ee/vulture-2.16-py3-none-any.whl", hash = "sha256:6e0f1c312cef1c87856957e5c2ca9608834a7c794c2180477f30bf0e4cc58eee", size = 26993, upload-time = "2026-03-25T14:41:26.21Z" },
]

[[package]]
name = "zyp-cerberus"
version = "0"
source = { virtual = "." }

[package.dev-dependencies]
lint = [
    { name = "ruff" },
    { name = "rumdl" },
    { name = "vulture" },
]
test = [
    { name = "pytest" },
]
type = [
    { name = "pyrefly" },
    { name = "types-pyyaml" },
]

[package.metadata]

[package.metadata.requires-dev]
lint = [
    { name = "ruff", specifier = ">=0.15.17" },
    { name = "rumdl", specifier = ">=0.2.16" },
    { name = "vulture", specifier = ">=2.16" },
]
test = [{ name = "pytest", specifier = ">=9.1.0" }]
type = [
    { name = "pyrefly", specifier = ">=1.0.0" },
    { name = "types-pyyaml", specifier = ">=6.0.12.20260518" },
]

[[package]]
name = "zyplux-cerberus"
version = "0.4.1"
source = { editable = "apps/cerberus" }
dependencies = [
    { name = "pyyaml" },
    { name = "rust-just" },
    { name = "typer" },
]

[package.metadata]
requires-dist = [
    { name = "pyyaml", specifier = ">=6.0.3" },
    { name = "rust-just", specifier = ">=1.53" },
    { name = "typer", specifier = ">=0.20" },
]
